
Microsoft Visual Studio Solution File, Format Version 12.00
# Visual Studio Version 17
VisualStudioVersion = 17.7.34031.279
MinimumVisualStudioVersion = 10.0.40219.1
Project("{9A19103F-16F7-4668-BE54-9A1E7A4F7556}") = "SuperAPITest", "ReZeroWeb\SuperAPITest.csproj", "{3B8B4F8D-8DC1-4005-9865-FAC5092CEF77}"
EndProject
Project("{9A19103F-16F7-4668-BE54-9A1E7A4F7556}") = "ReZero", "..\ReZero\ReZero.csproj", "{B802764A-DC33-4D6E-A25C-C729ADE4B578}"
EndProject
Project("{2150E333-8FDC-42A3-9474-1A3956D46DE8}") = "Solution Items", "Solution Items", "{03B677B5-D24C-4A9C-B79B-E17F41CA1208}"
EndProject
Global
	GlobalSection(SolutionConfigurationPlatforms) = preSolution
		Debug|Any CPU = Debug|Any CPU
		Release|Any CPU = Release|Any CPU
	EndGlobalSection
	GlobalSection(ProjectConfigurationPlatforms) = postSolution
		{3B8B4F8D-8DC1-4005-9865-FAC5092CEF77}.Debug|Any CPU.ActiveCfg = Debug|Any CPU
		{3B8B4F8D-8DC1-4005-9865-FAC5092CEF77}.Debug|Any CPU.Build.0 = Debug|Any CPU
		{3B8B4F8D-8DC1-4005-9865-FAC5092CEF77}.Release|Any CPU.ActiveCfg = Release|Any CPU
		{3B8B4F8D-8DC1-4005-9865-FAC5092CEF77}.Release|Any CPU.Build.0 = Release|Any CPU
		{B802764A-DC33-4D6E-A25C-C729ADE4B578}.Debug|Any CPU.ActiveCfg = Debug|Any CPU
		{B802764A-DC33-4D6E-A25C-C729ADE4B578}.Debug|Any CPU.Build.0 = Debug|Any CPU
		{B802764A-DC33-4D6E-A25C-C729ADE4B578}.Release|Any CPU.ActiveCfg = Release|Any CPU
		{B802764A-DC33-4D6E-A25C-C729ADE4B578}.Release|Any CPU.Build.0 = Release|Any CPU
	EndGlobalSection
	GlobalSection(SolutionProperties) = preSolution
		HideSolutionNode = FALSE
	EndGlobalSection
	GlobalSection(ExtensibilityGlobals) = postSolution
		SolutionGuid = {C3ACCBAF-6C08-4037-A398-1D5A9188B7E9}
	EndGlobalSection
EndGlobal
